
Microsoft Visual Studio Solution File, Format Version 12.00
# Visual Studio Version 17
VisualStudioVersion = 17.10.34804.81
MinimumVisualStudioVersion = 10.0.40219.1
Project("{FAE04EC0-301F-11D3-BF4B-00C04F79EFBC}") = "ShuitNet.SendEmail", "ShuitNet.SendEmail\ShuitNet.SendEmail.csproj", "{27812055-99D8-4775-8326-576EB588DDF7}"
EndProject
Global
	GlobalSection(SolutionConfigurationPlatforms) = preSolution
		Debug|Any CPU = Debug|Any CPU
		Release|Any CPU = Release|Any CPU
	EndGlobalSection
	GlobalSection(ProjectConfigurationPlatforms) = postSolution
		{27812055-99D8-4775-8326-576EB588DDF7}.Debug|Any CPU.ActiveCfg = Debug|Any CPU
		{27812055-99D8-4775-8326-576EB588DDF7}.Debug|Any CPU.Build.0 = Debug|Any CPU
		{27812055-99D8-4775-8326-576EB588DDF7}.Release|Any CPU.ActiveCfg = Release|Any CPU
		{27812055-99D8-4775-8326-576EB588DDF7}.Release|Any CPU.Build.0 = Release|Any CPU
	EndGlobalSection
	GlobalSection(SolutionProperties) = preSolution
		HideSolutionNode = FALSE
	EndGlobalSection
	GlobalSection(ExtensibilityGlobals) = postSolution
		SolutionGuid = {617DE2A6-1692-4353-AA02-4F52D6F74745}
	EndGlobalSection
EndGlobal
